
Microsoft Visual Studio Solution File, Format Version 12.00
# Visual Studio Version 17
VisualStudioVersion = 17.7.34003.232
MinimumVisualStudioVersion = 10.0.40219.1
Project("{FAE04EC0-301F-11D3-BF4B-00C04F79EFBC}") = "FileBox-API", "FileBox-API\FileBox-API.csproj", "{B77AB7E7-CE36-4A13-8A03-3303A12877EF}"
EndProject
Global
	GlobalSection(SolutionConfigurationPlatforms) = preSolution
		Debug|Any CPU = Debug|Any CPU
		Release|Any CPU = Release|Any CPU
	EndGlobalSection
	GlobalSection(ProjectConfigurationPlatforms) = postSolution
		{B77AB7E7-CE36-4A13-8A03-3303A12877EF}.Debug|Any CPU.ActiveCfg = Debug|Any CPU
		{B77AB7E7-CE36-4A13-8A03-3303A12877EF}.Debug|Any CPU.Build.0 = Debug|Any CPU
		{B77AB7E7-CE36-4A13-8A03-3303A12877EF}.Release|Any CPU.ActiveCfg = Release|Any CPU
		{B77AB7E7-CE36-4A13-8A03-3303A12877EF}.Release|Any CPU.Build.0 = Release|Any CPU
	EndGlobalSection
	GlobalSection(SolutionProperties) = preSolution
		HideSolutionNode = FALSE
	EndGlobalSection
	GlobalSection(ExtensibilityGlobals) = postSolution
		SolutionGuid = {31A4DA88-16EE-4AB0-BA1B-1DA54A1266CE}
	EndGlobalSection
EndGlobal
